
Microsoft Visual Studio Solution File, Format Version 11.00
# Visual Studio 2010
Project("{FAE04EC0-301F-11D3-BF4B-00C04F79EFBC}") = "sc.terrain.painter.runtime", "sc.terrain.painter.runtime.csproj", "{76612a96-7458-5553-09c0-da5d80fe178b}"
EndProject
Project("{FAE04EC0-301F-11D3-BF4B-00C04F79EFBC}") = "Assembly-CSharp", "Assembly-CSharp.csproj", "{b0a4654c-682c-f346-333f-0f4409cbb12c}"
EndProject
Project("{FAE04EC0-301F-11D3-BF4B-00C04F79EFBC}") = "sc.terrain.painter.editor", "sc.terrain.painter.editor.csproj", "{f83bbb8f-c300-9883-f6fa-8d714e5a0d33}"
EndProject
Global
	GlobalSection(SolutionConfigurationPlatforms) = preSolution
		Debug|Any CPU = Debug|Any CPU
	EndGlobalSection
	GlobalSection(ProjectConfigurationPlatforms) = postSolution
		{76612a96-7458-5553-09c0-da5d80fe178b}.Debug|Any CPU.ActiveCfg = Debug|Any CPU
		{76612a96-7458-5553-09c0-da5d80fe178b}.Debug|Any CPU.Build.0 = Debug|Any CPU
		{b0a4654c-682c-f346-333f-0f4409cbb12c}.Debug|Any CPU.ActiveCfg = Debug|Any CPU
		{b0a4654c-682c-f346-333f-0f4409cbb12c}.Debug|Any CPU.Build.0 = Debug|Any CPU
		{f83bbb8f-c300-9883-f6fa-8d714e5a0d33}.Debug|Any CPU.ActiveCfg = Debug|Any CPU
		{f83bbb8f-c300-9883-f6fa-8d714e5a0d33}.Debug|Any CPU.Build.0 = Debug|Any CPU
	EndGlobalSection
	GlobalSection(SolutionProperties) = preSolution
		HideSolutionNode = FALSE
	EndGlobalSection
EndGlobal
